
Microsoft Visual Studio Solution File, Format Version 12.00
# Visual Studio Version 17
VisualStudioVersion = 17.7.34221.43
MinimumVisualStudioVersion = 10.0.40219.1
Project("{9A19103F-16F7-4668-BE54-9A1E7A4F7556}") = "accurate2_eval_gui_avalonia", "accurate2_eval_gui_avalonia.csproj", "{A7A236B1-7C46-4B0A-A8CD-F95D7632C3AE}"
EndProject
Project("{9A19103F-16F7-4668-BE54-9A1E7A4F7556}") = "accurate2_eval_gui_avalonia.Desktop", "..\accurate2_eval_gui_avalonia.Desktop\accurate2_eval_gui_avalonia.Desktop.csproj", "{772893A8-3054-4F6C-82BC-9CBBE5530FE8}"
EndProject
Global
	GlobalSection(SolutionConfigurationPlatforms) = preSolution
		Debug|Any CPU = Debug|Any CPU
		Release|Any CPU = Release|Any CPU
	EndGlobalSection
	GlobalSection(ProjectConfigurationPlatforms) = postSolution
		{A7A236B1-7C46-4B0A-A8CD-F95D7632C3AE}.Debug|Any CPU.ActiveCfg = Debug|Any CPU
		{A7A236B1-7C46-4B0A-A8CD-F95D7632C3AE}.Debug|Any CPU.Build.0 = Debug|Any CPU
		{A7A236B1-7C46-4B0A-A8CD-F95D7632C3AE}.Release|Any CPU.ActiveCfg = Release|Any CPU
		{A7A236B1-7C46-4B0A-A8CD-F95D7632C3AE}.Release|Any CPU.Build.0 = Release|Any CPU
		{772893A8-3054-4F6C-82BC-9CBBE5530FE8}.Debug|Any CPU.ActiveCfg = Debug|Any CPU
		{772893A8-3054-4F6C-82BC-9CBBE5530FE8}.Debug|Any CPU.Build.0 = Debug|Any CPU
		{772893A8-3054-4F6C-82BC-9CBBE5530FE8}.Release|Any CPU.ActiveCfg = Release|Any CPU
		{772893A8-3054-4F6C-82BC-9CBBE5530FE8}.Release|Any CPU.Build.0 = Release|Any CPU
	EndGlobalSection
	GlobalSection(SolutionProperties) = preSolution
		HideSolutionNode = FALSE
	EndGlobalSection
	GlobalSection(ExtensibilityGlobals) = postSolution
		SolutionGuid = {5804D912-5357-4567-8E36-4FFF9F15F795}
	EndGlobalSection
EndGlobal
